
Microsoft Visual Studio Solution File, Format Version 12.00
# Visual Studio 15
VisualStudioVersion = 15.0.26730.3
MinimumVisualStudioVersion = 10.0.40219.1
Project("{FAE04EC0-301F-11D3-BF4B-00C04F79EFBC}") = "Retriever", "Retriever\Retriever.csproj", "{20B2599D-0678-4501-BCD3-26BEC04FEB93}"
EndProject
Project("{FAE04EC0-301F-11D3-BF4B-00C04F79EFBC}") = "ModernUIDoneRight", "ModernUIDoneRight\ModernUIDoneRight\ModernUIDoneRight.csproj", "{2B12BD1B-9601-4B60-9515-F9A756D10753}"
EndProject
Project("{FAE04EC0-301F-11D3-BF4B-00C04F79EFBC}") = "AWSRetriver.Controls", "AWSRetriver.Controls\AWSRetriver.Controls.csproj", "{984EF6D3-AA85-4D8F-86FA-9BE685C4F456}"
EndProject
Project("{FAE04EC0-301F-11D3-BF4B-00C04F79EFBC}") = "CloudOps", "CloudOps\CloudOps.csproj", "{38DC0E7F-AF8D-4A2E-8E7E-E42E3839D2BB}"
EndProject
Project("{9A19103F-16F7-4668-BE54-9A1E7A4F7556}") = "AWSSDK.Core.Net45", "aws-sdk-net\sdk\src\Core\AWSSDK.Core.Net45.csproj", "{1B8FEA10-E7B0-4D5A-9B5C-654E52458F4D}"
EndProject
Global
	GlobalSection(SolutionConfigurationPlatforms) = preSolution
		Debug|Any CPU = Debug|Any CPU
		Release|Any CPU = Release|Any CPU
	EndGlobalSection
	GlobalSection(ProjectConfigurationPlatforms) = postSolution
		{20B2599D-0678-4501-BCD3-26BEC04FEB93}.Debug|Any CPU.ActiveCfg = Debug|Any CPU
		{20B2599D-0678-4501-BCD3-26BEC04FEB93}.Debug|Any CPU.Build.0 = Debug|Any CPU
		{20B2599D-0678-4501-BCD3-26BEC04FEB93}.Release|Any CPU.ActiveCfg = Release|Any CPU
		{20B2599D-0678-4501-BCD3-26BEC04FEB93}.Release|Any CPU.Build.0 = Release|Any CPU
		{2B12BD1B-9601-4B60-9515-F9A756D10753}.Debug|Any CPU.ActiveCfg = Debug|Any CPU
		{2B12BD1B-9601-4B60-9515-F9A756D10753}.Debug|Any CPU.Build.0 = Debug|Any CPU
		{2B12BD1B-9601-4B60-9515-F9A756D10753}.Release|Any CPU.ActiveCfg = Release|Any CPU
		{2B12BD1B-9601-4B60-9515-F9A756D10753}.Release|Any CPU.Build.0 = Release|Any CPU
		{984EF6D3-AA85-4D8F-86FA-9BE685C4F456}.Debug|Any CPU.ActiveCfg = Debug|Any CPU
		{984EF6D3-AA85-4D8F-86FA-9BE685C4F456}.Debug|Any CPU.Build.0 = Debug|Any CPU
		{984EF6D3-AA85-4D8F-86FA-9BE685C4F456}.Release|Any CPU.ActiveCfg = Release|Any CPU
		{984EF6D3-AA85-4D8F-86FA-9BE685C4F456}.Release|Any CPU.Build.0 = Release|Any CPU
		{38DC0E7F-AF8D-4A2E-8E7E-E42E3839D2BB}.Debug|Any CPU.ActiveCfg = Debug|Any CPU
		{38DC0E7F-AF8D-4A2E-8E7E-E42E3839D2BB}.Debug|Any CPU.Build.0 = Debug|Any CPU
		{38DC0E7F-AF8D-4A2E-8E7E-E42E3839D2BB}.Release|Any CPU.ActiveCfg = Release|Any CPU
		{38DC0E7F-AF8D-4A2E-8E7E-E42E3839D2BB}.Release|Any CPU.Build.0 = Release|Any CPU
		{1B8FEA10-E7B0-4D5A-9B5C-654E52458F4D}.Debug|Any CPU.ActiveCfg = Debug|Any CPU
		{1B8FEA10-E7B0-4D5A-9B5C-654E52458F4D}.Debug|Any CPU.Build.0 = Debug|Any CPU
		{1B8FEA10-E7B0-4D5A-9B5C-654E52458F4D}.Release|Any CPU.ActiveCfg = Release|Any CPU
		{1B8FEA10-E7B0-4D5A-9B5C-654E52458F4D}.Release|Any CPU.Build.0 = Release|Any CPU
	EndGlobalSection
	GlobalSection(SolutionProperties) = preSolution
		HideSolutionNode = FALSE
	EndGlobalSection
	GlobalSection(ExtensibilityGlobals) = postSolution
		SolutionGuid = {1F5FC404-155C-418A-AC80-1F692925AEFE}
	EndGlobalSection
EndGlobal
