
Microsoft Visual Studio Solution File, Format Version 12.00
# Visual Studio 15
VisualStudioVersion = 15.0.28307.136
MinimumVisualStudioVersion = 10.0.40219.1
Project("{FAE04EC0-301F-11D3-BF4B-00C04F79EFBC}") = "heaven", "heaven.csproj", "{20B2599D-0678-4501-BCD3-26BEC04FEB93}"
EndProject
Project("{54435603-DBB4-11D2-8724-00A0C9A8B90C}") = "heaven-installer", "heaven-installer\heaven-installer.vdproj", "{C72DAEE1-E9DD-44C7-95BD-12D7841BFD15}"
EndProject
Project("{FAE04EC0-301F-11D3-BF4B-00C04F79EFBC}") = "heave", "heave\heave\heave.csproj", "{27B32244-89A6-458B-A378-AF66AEFEA10F}"
EndProject
Project("{FAE04EC0-301F-11D3-BF4B-00C04F79EFBC}") = "heave.Desktop", "heave\heave.Desktop\heave.Desktop.csproj", "{C1A4289E-449B-4020-8E01-FDB0CDFF51A8}"
EndProject
Global
	GlobalSection(SolutionConfigurationPlatforms) = preSolution
		Debug|Any CPU = Debug|Any CPU
		Release|Any CPU = Release|Any CPU
	EndGlobalSection
	GlobalSection(ProjectConfigurationPlatforms) = postSolution
		{20B2599D-0678-4501-BCD3-26BEC04FEB93}.Debug|Any CPU.ActiveCfg = Debug|Any CPU
		{20B2599D-0678-4501-BCD3-26BEC04FEB93}.Debug|Any CPU.Build.0 = Debug|Any CPU
		{20B2599D-0678-4501-BCD3-26BEC04FEB93}.Release|Any CPU.ActiveCfg = Release|Any CPU
		{20B2599D-0678-4501-BCD3-26BEC04FEB93}.Release|Any CPU.Build.0 = Release|Any CPU
		{C72DAEE1-E9DD-44C7-95BD-12D7841BFD15}.Debug|Any CPU.ActiveCfg = Debug|Any CPU
		{C72DAEE1-E9DD-44C7-95BD-12D7841BFD15}.Debug|Any CPU.Build.0 = Debug|Any CPU
		{C72DAEE1-E9DD-44C7-95BD-12D7841BFD15}.Release|Any CPU.ActiveCfg = Release|Any CPU
		{C72DAEE1-E9DD-44C7-95BD-12D7841BFD15}.Release|Any CPU.Build.0 = Release|Any CPU
		{27B32244-89A6-458B-A378-AF66AEFEA10F}.Debug|Any CPU.ActiveCfg = Debug|Any CPU
		{27B32244-89A6-458B-A378-AF66AEFEA10F}.Debug|Any CPU.Build.0 = Debug|Any CPU
		{27B32244-89A6-458B-A378-AF66AEFEA10F}.Release|Any CPU.ActiveCfg = Release|Any CPU
		{27B32244-89A6-458B-A378-AF66AEFEA10F}.Release|Any CPU.Build.0 = Release|Any CPU
		{C1A4289E-449B-4020-8E01-FDB0CDFF51A8}.Debug|Any CPU.ActiveCfg = Debug|Any CPU
		{C1A4289E-449B-4020-8E01-FDB0CDFF51A8}.Debug|Any CPU.Build.0 = Debug|Any CPU
		{C1A4289E-449B-4020-8E01-FDB0CDFF51A8}.Release|Any CPU.ActiveCfg = Release|Any CPU
		{C1A4289E-449B-4020-8E01-FDB0CDFF51A8}.Release|Any CPU.Build.0 = Release|Any CPU
	EndGlobalSection
	GlobalSection(SolutionProperties) = preSolution
		HideSolutionNode = FALSE
	EndGlobalSection
	GlobalSection(ExtensibilityGlobals) = postSolution
		SolutionGuid = {1A03F43F-4C96-4B61-A0EE-C98B9D10E729}
	EndGlobalSection
EndGlobal
